
Microsoft Visual Studio Solution File, Format Version 12.00
# Visual Studio Version 16
VisualStudioVersion = 16.0.29201.188
MinimumVisualStudioVersion = 10.0.40219.1
Project("{FAE04EC0-301F-11D3-BF4B-00C04F79EFBC}") = "WebApplication1", "WebApplication1\WebApplication1.csproj", "{0976CC4A-2B33-4F01-AC6D-4187DF90C6FB}"
EndProject
Global
	GlobalSection(SolutionConfigurationPlatforms) = preSolution
		Debug|Any CPU = Debug|Any CPU
		Release|Any CPU = Release|Any CPU
	EndGlobalSection
	GlobalSection(ProjectConfigurationPlatforms) = postSolution
		{0976CC4A-2B33-4F01-AC6D-4187DF90C6FB}.Debug|Any CPU.ActiveCfg = Debug|Any CPU
		{0976CC4A-2B33-4F01-AC6D-4187DF90C6FB}.Debug|Any CPU.Build.0 = Debug|Any CPU
		{0976CC4A-2B33-4F01-AC6D-4187DF90C6FB}.Release|Any CPU.ActiveCfg = Release|Any CPU
		{0976CC4A-2B33-4F01-AC6D-4187DF90C6FB}.Release|Any CPU.Build.0 = Release|Any CPU
	EndGlobalSection
	GlobalSection(SolutionProperties) = preSolution
		HideSolutionNode = FALSE
	EndGlobalSection
	GlobalSection(ExtensibilityGlobals) = postSolution
		SolutionGuid = {2D48857E-1C61-488D-9F2C-5D016A36CA9A}
	EndGlobalSection
EndGlobal
